
Microsoft Visual Studio Solution File, Format Version 12.00
# Visual Studio Version 16
VisualStudioVersion = 16.0.29721.120
MinimumVisualStudioVersion = 10.0.40219.1
Project("{8BC9CEB8-8B4A-11D0-8D11-00A0C91BC942}") = "D3DVisualization_winsdk", "D3D11Visualization\D3DVisualization_winsdk.vcxproj", "{D73DCE48-0DBC-40FE-AC89-2C06AF01060B}"
EndProject
Project("{9A19103F-16F7-4668-BE54-9A1E7A4F7556}") = "WpfD3D11Interop_core", "WpfD3D11Interop_core\WpfD3D11Interop_core.csproj", "{6E5627CF-48BB-4A7A-BFC9-A4209985E0F9}"
	ProjectSection(ProjectDependencies) = postProject
		{D73DCE48-0DBC-40FE-AC89-2C06AF01060B} = {D73DCE48-0DBC-40FE-AC89-2C06AF01060B}
	EndProjectSection
EndProject
Global
	GlobalSection(SolutionConfigurationPlatforms) = preSolution
		Debug|Any CPU = Debug|Any CPU
		Debug|x64 = Debug|x64
		Debug|x86 = Debug|x86
		Release|Any CPU = Release|Any CPU
		Release|x64 = Release|x64
		Release|x86 = Release|x86
	EndGlobalSection
	GlobalSection(ProjectConfigurationPlatforms) = postSolution
		{D73DCE48-0DBC-40FE-AC89-2C06AF01060B}.Debug|Any CPU.ActiveCfg = Debug|Win32
		{D73DCE48-0DBC-40FE-AC89-2C06AF01060B}.Debug|Any CPU.Build.0 = Debug|Win32
		{D73DCE48-0DBC-40FE-AC89-2C06AF01060B}.Debug|x64.ActiveCfg = Debug|x64
		{D73DCE48-0DBC-40FE-AC89-2C06AF01060B}.Debug|x64.Build.0 = Debug|x64
		{D73DCE48-0DBC-40FE-AC89-2C06AF01060B}.Debug|x86.ActiveCfg = Debug|Win32
		{D73DCE48-0DBC-40FE-AC89-2C06AF01060B}.Debug|x86.Build.0 = Debug|Win32
		{D73DCE48-0DBC-40FE-AC89-2C06AF01060B}.Release|Any CPU.ActiveCfg = Release|Win32
		{D73DCE48-0DBC-40FE-AC89-2C06AF01060B}.Release|x64.ActiveCfg = Release|x64
		{D73DCE48-0DBC-40FE-AC89-2C06AF01060B}.Release|x64.Build.0 = Release|x64
		{D73DCE48-0DBC-40FE-AC89-2C06AF01060B}.Release|x86.ActiveCfg = Release|Win32
		{D73DCE48-0DBC-40FE-AC89-2C06AF01060B}.Release|x86.Build.0 = Release|Win32
		{6E5627CF-48BB-4A7A-BFC9-A4209985E0F9}.Debug|Any CPU.ActiveCfg = Debug|Any CPU
		{6E5627CF-48BB-4A7A-BFC9-A4209985E0F9}.Debug|Any CPU.Build.0 = Debug|Any CPU
		{6E5627CF-48BB-4A7A-BFC9-A4209985E0F9}.Debug|x64.ActiveCfg = Debug|Any CPU
		{6E5627CF-48BB-4A7A-BFC9-A4209985E0F9}.Debug|x64.Build.0 = Debug|Any CPU
		{6E5627CF-48BB-4A7A-BFC9-A4209985E0F9}.Debug|x86.ActiveCfg = Debug|Any CPU
		{6E5627CF-48BB-4A7A-BFC9-A4209985E0F9}.Debug|x86.Build.0 = Debug|Any CPU
		{6E5627CF-48BB-4A7A-BFC9-A4209985E0F9}.Release|Any CPU.ActiveCfg = Release|Any CPU
		{6E5627CF-48BB-4A7A-BFC9-A4209985E0F9}.Release|Any CPU.Build.0 = Release|Any CPU
		{6E5627CF-48BB-4A7A-BFC9-A4209985E0F9}.Release|x64.ActiveCfg = Release|Any CPU
		{6E5627CF-48BB-4A7A-BFC9-A4209985E0F9}.Release|x64.Build.0 = Release|Any CPU
		{6E5627CF-48BB-4A7A-BFC9-A4209985E0F9}.Release|x86.ActiveCfg = Release|Any CPU
		{6E5627CF-48BB-4A7A-BFC9-A4209985E0F9}.Release|x86.Build.0 = Release|Any CPU
	EndGlobalSection
	GlobalSection(SolutionProperties) = preSolution
		HideSolutionNode = FALSE
	EndGlobalSection
	GlobalSection(ExtensibilityGlobals) = postSolution
		SolutionGuid = {D61C8E9C-92BF-46E7-87D4-9982010367D6}
	EndGlobalSection
EndGlobal
